
Microsoft Visual Studio Solution File, Format Version 11.00
# Visual C# Express 2010
Project("{FAE04EC0-301F-11D3-BF4B-00C04F79EFBC}") = "TRABDUPLA1", "TRABDUPLA1\TRABDUPLA1.csproj", "{EA8DE900-7CA3-4CD4-970F-56C271CFD0B9}"
EndProject
Global
	GlobalSection(SolutionConfigurationPlatforms) = preSolution
		Debug|x86 = Debug|x86
		Release|x86 = Release|x86
	EndGlobalSection
	GlobalSection(ProjectConfigurationPlatforms) = postSolution
		{EA8DE900-7CA3-4CD4-970F-56C271CFD0B9}.Debug|x86.ActiveCfg = Debug|x86
		{EA8DE900-7CA3-4CD4-970F-56C271CFD0B9}.Debug|x86.Build.0 = Debug|x86
		{EA8DE900-7CA3-4CD4-970F-56C271CFD0B9}.Release|x86.ActiveCfg = Release|x86
		{EA8DE900-7CA3-4CD4-970F-56C271CFD0B9}.Release|x86.Build.0 = Release|x86
	EndGlobalSection
	GlobalSection(SolutionProperties) = preSolution
		HideSolutionNode = FALSE
	EndGlobalSection
EndGlobal
