
Microsoft Visual Studio Solution File, Format Version 10.00
# Visual C# Express 2008
Project("{FAE04EC0-301F-11D3-BF4B-00C04F79EFBC}") = "C_Arrays", "C_Arrays\C_Arrays.csproj", "{C50BE0EC-F469-4C5B-994B-DE25678198DF}"
EndProject
Global
	GlobalSection(SolutionConfigurationPlatforms) = preSolution
		Debug|Any CPU = Debug|Any CPU
		Release|Any CPU = Release|Any CPU
	EndGlobalSection
	GlobalSection(ProjectConfigurationPlatforms) = postSolution
		{C50BE0EC-F469-4C5B-994B-DE25678198DF}.Debug|Any CPU.ActiveCfg = Debug|Any CPU
		{C50BE0EC-F469-4C5B-994B-DE25678198DF}.Debug|Any CPU.Build.0 = Debug|Any CPU
		{C50BE0EC-F469-4C5B-994B-DE25678198DF}.Release|Any CPU.ActiveCfg = Release|Any CPU
		{C50BE0EC-F469-4C5B-994B-DE25678198DF}.Release|Any CPU.Build.0 = Release|Any CPU
	EndGlobalSection
	GlobalSection(SolutionProperties) = preSolution
		HideSolutionNode = FALSE
	EndGlobalSection
EndGlobal
